// !$*UTF8*$!
{
	archiveVersion = 1;
	classes = {
	};
	objectVersion = 46;
	objects = {

/* Begin PBXBuildFile section */
		AC0363E91445CD2400060465 /* SectorTableViewController.m in Sources */ = {isa = PBXBuildFile; fileRef = AC0363E81445CD2400060465 /* SectorTableViewController.m */; };
		AC154CD2143A310000AE5FAD /* RootJobViewController.m in Sources */ = {isa = PBXBuildFile; fileRef = AC154CD1143A310000AE5FAD /* RootJobViewController.m */; };
		AC154CD4143A315600AE5FAD /* RootJobViewController.xib in Resources */ = {isa = PBXBuildFile; fileRef = AC154CD3143A315600AE5FAD /* RootJobViewController.xib */; };
		AC154CD7143A33B300AE5FAD /* EditJobViewController.m in Sources */ = {isa = PBXBuildFile; fileRef = AC154CD6143A33B300AE5FAD /* EditJobViewController.m */; };
		AC154CDA143A343600AE5FAD /* InfoJobViewController.m in Sources */ = {isa = PBXBuildFile; fileRef = AC154CD9143A343600AE5FAD /* InfoJobViewController.m */; };
		AC22FFE81457602100DEECB7 /* star_button.png in Resources */ = {isa = PBXBuildFile; fileRef = AC22FFE71457602100DEECB7 /* star_button.png */; };
		AC22FFED145763BC00DEECB7 /* myPosition.png in Resources */ = {isa = PBXBuildFile; fileRef = AC22FFEC145763BC00DEECB7 /* myPosition.png */; };
		AC4A04921422369200FE96F7 /* UIKit.framework in Frameworks */ = {isa = PBXBuildFile; fileRef = AC4A04911422369200FE96F7 /* UIKit.framework */; };
		AC4A04941422369200FE96F7 /* Foundation.framework in Frameworks */ = {isa = PBXBuildFile; fileRef = AC4A04931422369200FE96F7 /* Foundation.framework */; };
		AC4A04961422369200FE96F7 /* CoreGraphics.framework in Frameworks */ = {isa = PBXBuildFile; fileRef = AC4A04951422369200FE96F7 /* CoreGraphics.framework */; };
		AC4A049C1422369200FE96F7 /* InfoPlist.strings in Resources */ = {isa = PBXBuildFile; fileRef = AC4A049A1422369200FE96F7 /* InfoPlist.strings */; };
		AC4A049E1422369200FE96F7 /* main.m in Sources */ = {isa = PBXBuildFile; fileRef = AC4A049D1422369200FE96F7 /* main.m */; };
		AC4A04A21422369200FE96F7 /* jobFinderAppDelegate.m in Sources */ = {isa = PBXBuildFile; fileRef = AC4A04A11422369200FE96F7 /* jobFinderAppDelegate.m */; };
		AC4A04A51422369200FE96F7 /* MainWindow.xib in Resources */ = {isa = PBXBuildFile; fileRef = AC4A04A31422369200FE96F7 /* MainWindow.xib */; };
		AC4A04AD1422369200FE96F7 /* SenTestingKit.framework in Frameworks */ = {isa = PBXBuildFile; fileRef = AC4A04AC1422369200FE96F7 /* SenTestingKit.framework */; };
		AC4A04AE1422369200FE96F7 /* UIKit.framework in Frameworks */ = {isa = PBXBuildFile; fileRef = AC4A04911422369200FE96F7 /* UIKit.framework */; };
		AC4A04AF1422369200FE96F7 /* Foundation.framework in Frameworks */ = {isa = PBXBuildFile; fileRef = AC4A04931422369200FE96F7 /* Foundation.framework */; };
		AC4A04B01422369200FE96F7 /* CoreGraphics.framework in Frameworks */ = {isa = PBXBuildFile; fileRef = AC4A04951422369200FE96F7 /* CoreGraphics.framework */; };
		AC4A04B81422369200FE96F7 /* InfoPlist.strings in Resources */ = {isa = PBXBuildFile; fileRef = AC4A04B61422369200FE96F7 /* InfoPlist.strings */; };
		AC4A04BA1422369200FE96F7 /* jobFinderTests.h in Resources */ = {isa = PBXBuildFile; fileRef = AC4A04B91422369200FE96F7 /* jobFinderTests.h */; };
		AC4A04BC1422369200FE96F7 /* jobFinderTests.m in Sources */ = {isa = PBXBuildFile; fileRef = AC4A04BB1422369200FE96F7 /* jobFinderTests.m */; };
		AC4A04C6142236CA00FE96F7 /* MapKit.framework in Frameworks */ = {isa = PBXBuildFile; fileRef = AC4A04C5142236CA00FE96F7 /* MapKit.framework */; };
		AC4A04CA142239E300FE96F7 /* MapViewController.m in Sources */ = {isa = PBXBuildFile; fileRef = AC4A04C8142239E300FE96F7 /* MapViewController.m */; };
		AC4A04CB142239E300FE96F7 /* MapViewController.xib in Resources */ = {isa = PBXBuildFile; fileRef = AC4A04C9142239E300FE96F7 /* MapViewController.xib */; };
		AC7135DD144F45CD0022A47C /* SearchZoneViewController.m in Sources */ = {isa = PBXBuildFile; fileRef = AC7135DB144F45CC0022A47C /* SearchZoneViewController.m */; };
		AC7135DE144F45CD0022A47C /* SearchZoneViewController.xib in Resources */ = {isa = PBXBuildFile; fileRef = AC7135DC144F45CD0022A47C /* SearchZoneViewController.xib */; };
		AC736EFD1434D176003626F7 /* ConfigViewController.m in Sources */ = {isa = PBXBuildFile; fileRef = AC736EFC1434D176003626F7 /* ConfigViewController.m */; };
		AC7ED930145188B50070DA49 /* GeoDecoder.m in Sources */ = {isa = PBXBuildFile; fileRef = AC7ED92F145188B50070DA49 /* GeoDecoder.m */; };
		AC7ED94E145189C80070DA49 /* CDataScanner.m in Sources */ = {isa = PBXBuildFile; fileRef = AC7ED937145189C80070DA49 /* CDataScanner.m */; };
		AC7ED94F145189C80070DA49 /* CFilteringJSONSerializer.m in Sources */ = {isa = PBXBuildFile; fileRef = AC7ED93A145189C80070DA49 /* CFilteringJSONSerializer.m */; };
		AC7ED950145189C80070DA49 /* CJSONDeserializer_BlocksExtensions.m in Sources */ = {isa = PBXBuildFile; fileRef = AC7ED93C145189C80070DA49 /* CJSONDeserializer_BlocksExtensions.m */; };
		AC7ED951145189C80070DA49 /* CJSONSerialization.m in Sources */ = {isa = PBXBuildFile; fileRef = AC7ED93E145189C80070DA49 /* CJSONSerialization.m */; };
		AC7ED952145189C80070DA49 /* CJSONSerializedData.m in Sources */ = {isa = PBXBuildFile; fileRef = AC7ED940145189C80070DA49 /* CJSONSerializedData.m */; };
		AC7ED953145189C80070DA49 /* CDataScanner_Extensions.m in Sources */ = {isa = PBXBuildFile; fileRef = AC7ED943145189C80070DA49 /* CDataScanner_Extensions.m */; };
		AC7ED954145189C80070DA49 /* NSDictionary_JSONExtensions.m in Sources */ = {isa = PBXBuildFile; fileRef = AC7ED945145189C80070DA49 /* NSDictionary_JSONExtensions.m */; };
		AC7ED955145189C80070DA49 /* CJSONDeserializer.m in Sources */ = {isa = PBXBuildFile; fileRef = AC7ED948145189C80070DA49 /* CJSONDeserializer.m */; };
		AC7ED956145189C80070DA49 /* CJSONScanner.m in Sources */ = {isa = PBXBuildFile; fileRef = AC7ED94A145189C80070DA49 /* CJSONScanner.m */; };
		AC7ED957145189C80070DA49 /* CJSONSerializer.m in Sources */ = {isa = PBXBuildFile; fileRef = AC7ED94C145189C80070DA49 /* CJSONSerializer.m */; };
		AC8C34E914541E5B007BEE76 /* star_64.png in Resources */ = {isa = PBXBuildFile; fileRef = AC8C34E814541E5B007BEE76 /* star_64.png */; };
		AC8C34EC1454359D007BEE76 /* SystemConfiguration.framework in Frameworks */ = {isa = PBXBuildFile; fileRef = AC8C34EB1454359D007BEE76 /* SystemConfiguration.framework */; };
		AC8C34EF14543642007BEE76 /* Reachability.m in Sources */ = {isa = PBXBuildFile; fileRef = AC8C34EE14543642007BEE76 /* Reachability.m */; };
		AC9FB384145EE736006227B6 /* A1sectors-table.plist in Resources */ = {isa = PBXBuildFile; fileRef = AC9FB383145EE736006227B6 /* A1sectors-table.plist */; };
		AC9FB388145EEAC4006227B6 /* SubSectorTableViewController.m in Sources */ = {isa = PBXBuildFile; fileRef = AC9FB387145EEAC4006227B6 /* SubSectorTableViewController.m */; };
		ACA915E2145EA10500806FD3 /* sector-table.plist in Resources */ = {isa = PBXBuildFile; fileRef = ACA915E1145EA10500806FD3 /* sector-table.plist */; };
		ACB6C5471424F0B200693952 /* Job.m in Sources */ = {isa = PBXBuildFile; fileRef = ACB6C5461424F0B200693952 /* Job.m */; };
		ACB8693D1459BF430055ED47 /* star.png in Resources */ = {isa = PBXBuildFile; fileRef = ACB8693B1459BF420055ED47 /* star.png */; };
		ACB8693E1459BF430055ED47 /* star@2x.png in Resources */ = {isa = PBXBuildFile; fileRef = ACB8693C1459BF420055ED47 /* star@2x.png */; };
		ACB869401459C68F0055ED47 /* myPosition@2x.png in Resources */ = {isa = PBXBuildFile; fileRef = ACB8693F1459C68F0055ED47 /* myPosition@2x.png */; };
		ACB869471459CCBD0055ED47 /* mail.png in Resources */ = {isa = PBXBuildFile; fileRef = ACB869451459CCBC0055ED47 /* mail.png */; };
		ACB869481459CCBD0055ED47 /* mail@2x.png in Resources */ = {isa = PBXBuildFile; fileRef = ACB869461459CCBD0055ED47 /* mail@2x.png */; };
		ACC54A80145DFF0F002F41D3 /* FilterViewController.m in Sources */ = {isa = PBXBuildFile; fileRef = ACC54A7E145DFF0F002F41D3 /* FilterViewController.m */; };
		ACC54A81145DFF0F002F41D3 /* FilterViewController.xib in Resources */ = {isa = PBXBuildFile; fileRef = ACC54A7F145DFF0F002F41D3 /* FilterViewController.xib */; };
		ACC54DBC1456E73300A51364 /* DatabaseAccess.m in Sources */ = {isa = PBXBuildFile; fileRef = ACC54DBB1456E73300A51364 /* DatabaseAccess.m */; };
		ACC54E121456FB4600A51364 /* MobileCoreServices.framework in Frameworks */ = {isa = PBXBuildFile; fileRef = ACC54E111456FB4600A51364 /* MobileCoreServices.framework */; };
		ACC54E161457176F00A51364 /* favourite.png in Resources */ = {isa = PBXBuildFile; fileRef = ACC54E151457176F00A51364 /* favourite.png */; };
		ACCA8FE81438B10D00141CDE /* MessageUI.framework in Frameworks */ = {isa = PBXBuildFile; fileRef = ACCA8FE71438B10D00141CDE /* MessageUI.framework */; };
		ACCAB8051435A115008DA6B8 /* ConfigViewController.xib in Resources */ = {isa = PBXBuildFile; fileRef = ACCAB8041435A115008DA6B8 /* ConfigViewController.xib */; };
		ACCAC504145D7E48008B0B9F /* home.png in Resources */ = {isa = PBXBuildFile; fileRef = ACCAC502145D7E47008B0B9F /* home.png */; };
		ACCAC505145D7E48008B0B9F /* home@2x.png in Resources */ = {isa = PBXBuildFile; fileRef = ACCAC503145D7E47008B0B9F /* home@2x.png */; };
		ACCAC508145D80B3008B0B9F /* search.png in Resources */ = {isa = PBXBuildFile; fileRef = ACCAC506145D80B3008B0B9F /* search.png */; };
		ACCAC509145D80B3008B0B9F /* search@2x.png in Resources */ = {isa = PBXBuildFile; fileRef = ACCAC507145D80B3008B0B9F /* search@2x.png */; };
		ACCBD837144D7FA500EEAC2A /* BaseCell.m in Sources */ = {isa = PBXBuildFile; fileRef = ACCBD836144D7FA500EEAC2A /* BaseCell.m */; };
		ACCBD83A144DC6A700EEAC2A /* phpProva in Resources */ = {isa = PBXBuildFile; fileRef = ACCBD839144DC6A700EEAC2A /* phpProva */; };
		ACD5818C145899B400CCB281 /* back.png in Resources */ = {isa = PBXBuildFile; fileRef = ACD5818B145899B300CCB281 /* back.png */; };
		ACD73AB7143AF4810025DF6C /* ActionCell.m in Sources */ = {isa = PBXBuildFile; fileRef = ACD73AB0143AF4810025DF6C /* ActionCell.m */; };
		ACD73AB8143AF4810025DF6C /* InfoCell.m in Sources */ = {isa = PBXBuildFile; fileRef = ACD73AB2143AF4810025DF6C /* InfoCell.m */; };
		ACD73AB9143AF4810025DF6C /* TextAreaCell.m in Sources */ = {isa = PBXBuildFile; fileRef = ACD73AB4143AF4810025DF6C /* TextAreaCell.m */; };
		ACD73ABA143AF4810025DF6C /* TextFieldCell.m in Sources */ = {isa = PBXBuildFile; fileRef = ACD73AB6143AF4810025DF6C /* TextFieldCell.m */; };
		ACD73ABF143AFA700025DF6C /* CoreLocation.framework in Frameworks */ = {isa = PBXBuildFile; fileRef = ACD73ABE143AFA700025DF6C /* CoreLocation.framework */; };
		ACE44CE9145593ED0041A5FC /* FavouriteAnnotation.m in Sources */ = {isa = PBXBuildFile; fileRef = ACE44CE8145593ED0041A5FC /* FavouriteAnnotation.m */; };
		ACE44CEC14559C260041A5FC /* favouritePin.png in Resources */ = {isa = PBXBuildFile; fileRef = ACE44CEB14559C260041A5FC /* favouritePin.png */; };
		ACFAB5121435E88700AB1490 /* PublishViewController.m in Sources */ = {isa = PBXBuildFile; fileRef = ACFAB5111435E88700AB1490 /* PublishViewController.m */; };
/* End PBXBuildFile section */

/* Begin PBXContainerItemProxy section */
		AC4A04B11422369200FE96F7 /* PBXContainerItemProxy */ = {
			isa = PBXContainerItemProxy;
			containerPortal = AC4A04841422369200FE96F7 /* Project object */;
			proxyType = 1;
			remoteGlobalIDString = AC4A048C1422369200FE96F7;
			remoteInfo = jobFinder;
		};
/* End PBXContainerItemProxy section */

/* Begin PBXFileReference section */
		AC0363E71445CD2400060465 /* SectorTableViewController.h */ = {isa = PBXFileReference; fileEncoding = 4; lastKnownFileType = sourcecode.c.h; path = SectorTableViewController.h; sourceTree = "<group>"; };
		AC0363E81445CD2400060465 /* SectorTableViewController.m */ = {isa = PBXFileReference; fileEncoding = 4; lastKnownFileType = sourcecode.c.objc; path = SectorTableViewController.m; sourceTree = "<group>"; };
		AC154CD0143A310000AE5FAD /* RootJobViewController.h */ = {isa = PBXFileReference; fileEncoding = 4; lastKnownFileType = sourcecode.c.h; path = RootJobViewController.h; sourceTree = "<group>"; };
		AC154CD1143A310000AE5FAD /* RootJobViewController.m */ = {isa = PBXFileReference; fileEncoding = 4; lastKnownFileType = sourcecode.c.objc; path = RootJobViewController.m; sourceTree = "<group>"; };
		AC154CD3143A315600AE5FAD /* RootJobViewController.xib */ = {isa = PBXFileReference; fileEncoding = 4; lastKnownFileType = file.xib; path = RootJobViewController.xib; sourceTree = "<group>"; };
		AC154CD5143A33B300AE5FAD /* EditJobViewController.h */ = {isa = PBXFileReference; fileEncoding = 4; lastKnownFileType = sourcecode.c.h; path = EditJobViewController.h; sourceTree = "<group>"; };
		AC154CD6143A33B300AE5FAD /* EditJobViewController.m */ = {isa = PBXFileReference; fileEncoding = 4; lastKnownFileType = sourcecode.c.objc; path = EditJobViewController.m; sourceTree = "<group>"; };
		AC154CD8143A343600AE5FAD /* InfoJobViewController.h */ = {isa = PBXFileReference; fileEncoding = 4; lastKnownFileType = sourcecode.c.h; path = InfoJobViewController.h; sourceTree = "<group>"; };
		AC154CD9143A343600AE5FAD /* InfoJobViewController.m */ = {isa = PBXFileReference; fileEncoding = 4; lastKnownFileType = sourcecode.c.objc; path = InfoJobViewController.m; sourceTree = "<group>"; };
		AC22FFE71457602100DEECB7 /* star_button.png */ = {isa = PBXFileReference; lastKnownFileType = image.png; name = star_button.png; path = icons/star_button.png; sourceTree = SOURCE_ROOT; };
		AC22FFEC145763BC00DEECB7 /* myPosition.png */ = {isa = PBXFileReference; lastKnownFileType = image.png; name = myPosition.png; path = icons/myPosition.png; sourceTree = SOURCE_ROOT; };
		AC4A048D1422369200FE96F7 /* jobFinder.app */ = {isa = PBXFileReference; explicitFileType = wrapper.application; includeInIndex = 0; path = jobFinder.app; sourceTree = BUILT_PRODUCTS_DIR; };
		AC4A04911422369200FE96F7 /* UIKit.framework */ = {isa = PBXFileReference; lastKnownFileType = wrapper.framework; name = UIKit.framework; path = System/Library/Frameworks/UIKit.framework; sourceTree = SDKROOT; };
		AC4A04931422369200FE96F7 /* Foundation.framework */ = {isa = PBXFileReference; lastKnownFileType = wrapper.framework; name = Foundation.framework; path = System/Library/Frameworks/Foundation.framework; sourceTree = SDKROOT; };
		AC4A04951422369200FE96F7 /* CoreGraphics.framework */ = {isa = PBXFileReference; lastKnownFileType = wrapper.framework; name = CoreGraphics.framework; path = System/Library/Frameworks/CoreGraphics.framework; sourceTree = SDKROOT; };
		AC4A04991422369200FE96F7 /* jobFinder-Info.plist */ = {isa = PBXFileReference; lastKnownFileType = text.plist.xml; path = "jobFinder-Info.plist"; sourceTree = "<group>"; };
		AC4A049B1422369200FE96F7 /* en */ = {isa = PBXFileReference; lastKnownFileType = text.plist.strings; name = en; path = en.lproj/InfoPlist.strings; sourceTree = "<group>"; };
		AC4A049D1422369200FE96F7 /* main.m */ = {isa = PBXFileReference; lastKnownFileType = sourcecode.c.objc; path = main.m; sourceTree = "<group>"; };
		AC4A049F1422369200FE96F7 /* jobFinder-Prefix.pch */ = {isa = PBXFileReference; lastKnownFileType = sourcecode.c.h; path = "jobFinder-Prefix.pch"; sourceTree = "<group>"; };
		AC4A04A01422369200FE96F7 /* jobFinderAppDelegate.h */ = {isa = PBXFileReference; lastKnownFileType = sourcecode.c.h; path = jobFinderAppDelegate.h; sourceTree = "<group>"; };
		AC4A04A11422369200FE96F7 /* jobFinderAppDelegate.m */ = {isa = PBXFileReference; lastKnownFileType = sourcecode.c.objc; path = jobFinderAppDelegate.m; sourceTree = "<group>"; };
		AC4A04A41422369200FE96F7 /* en */ = {isa = PBXFileReference; lastKnownFileType = file.xib; name = en; path = en.lproj/MainWindow.xib; sourceTree = "<group>"; };
		AC4A04AB1422369200FE96F7 /* jobFinderTests.octest */ = {isa = PBXFileReference; explicitFileType = wrapper.cfbundle; includeInIndex = 0; path = jobFinderTests.octest; sourceTree = BUILT_PRODUCTS_DIR; };
		AC4A04AC1422369200FE96F7 /* SenTestingKit.framework */ = {isa = PBXFileReference; lastKnownFileType = wrapper.framework; name = SenTestingKit.framework; path = Library/Frameworks/SenTestingKit.framework; sourceTree = DEVELOPER_DIR; };
		AC4A04B51422369200FE96F7 /* jobFinderTests-Info.plist */ = {isa = PBXFileReference; lastKnownFileType = text.plist.xml; path = "jobFinderTests-Info.plist"; sourceTree = "<group>"; };
		AC4A04B71422369200FE96F7 /* en */ = {isa = PBXFileReference; lastKnownFileType = text.plist.strings; name = en; path = en.lproj/InfoPlist.strings; sourceTree = "<group>"; };
		AC4A04B91422369200FE96F7 /* jobFinderTests.h */ = {isa = PBXFileReference; lastKnownFileType = sourcecode.c.h; path = jobFinderTests.h; sourceTree = "<group>"; };
		AC4A04BB1422369200FE96F7 /* jobFinderTests.m */ = {isa = PBXFileReference; lastKnownFileType = sourcecode.c.objc; path = jobFinderTests.m; sourceTree = "<group>"; };
		AC4A04C5142236CA00FE96F7 /* MapKit.framework */ = {isa = PBXFileReference; lastKnownFileType = wrapper.framework; name = MapKit.framework; path = System/Library/Frameworks/MapKit.framework; sourceTree = SDKROOT; };
		AC4A04C7142239E300FE96F7 /* MapViewController.h */ = {isa = PBXFileReference; fileEncoding = 4; lastKnownFileType = sourcecode.c.h; path = MapViewController.h; sourceTree = "<group>"; };
		AC4A04C8142239E300FE96F7 /* MapViewController.m */ = {isa = PBXFileReference; fileEncoding = 4; lastKnownFileType = sourcecode.c.objc; path = MapViewController.m; sourceTree = "<group>"; };
		AC4A04C9142239E300FE96F7 /* MapViewController.xib */ = {isa = PBXFileReference; fileEncoding = 4; lastKnownFileType = file.xib; path = MapViewController.xib; sourceTree = "<group>"; };
		AC7135DA144F45CC0022A47C /* SearchZoneViewController.h */ = {isa = PBXFileReference; fileEncoding = 4; lastKnownFileType = sourcecode.c.h; path = SearchZoneViewController.h; sourceTree = "<group>"; };
		AC7135DB144F45CC0022A47C /* SearchZoneViewController.m */ = {isa = PBXFileReference; fileEncoding = 4; lastKnownFileType = sourcecode.c.objc; path = SearchZoneViewController.m; sourceTree = "<group>"; };
		AC7135DC144F45CD0022A47C /* SearchZoneViewController.xib */ = {isa = PBXFileReference; fileEncoding = 4; lastKnownFileType = file.xib; path = SearchZoneViewController.xib; sourceTree = "<group>"; };
		AC736EFB1434D176003626F7 /* ConfigViewController.h */ = {isa = PBXFileReference; fileEncoding = 4; lastKnownFileType = sourcecode.c.h; path = ConfigViewController.h; sourceTree = "<group>"; };
		AC736EFC1434D176003626F7 /* ConfigViewController.m */ = {isa = PBXFileReference; fileEncoding = 4; lastKnownFileType = sourcecode.c.objc; path = ConfigViewController.m; sourceTree = "<group>"; };
		AC7ED92F145188B50070DA49 /* GeoDecoder.m */ = {isa = PBXFileReference; fileEncoding = 4; lastKnownFileType = sourcecode.c.objc; path = GeoDecoder.m; sourceTree = "<group>"; };
		AC7ED936145189C80070DA49 /* CDataScanner.h */ = {isa = PBXFileReference; fileEncoding = 4; lastKnownFileType = sourcecode.c.h; path = CDataScanner.h; sourceTree = "<group>"; };
		AC7ED937145189C80070DA49 /* CDataScanner.m */ = {isa = PBXFileReference; fileEncoding = 4; lastKnownFileType = sourcecode.c.objc; path = CDataScanner.m; sourceTree = "<group>"; };
		AC7ED939145189C80070DA49 /* CFilteringJSONSerializer.h */ = {isa = PBXFileReference; fileEncoding = 4; lastKnownFileType = sourcecode.c.h; path = CFilteringJSONSerializer.h; sourceTree = "<group>"; };
		AC7ED93A145189C80070DA49 /* CFilteringJSONSerializer.m */ = {isa = PBXFileReference; fileEncoding = 4; lastKnownFileType = sourcecode.c.objc; path = CFilteringJSONSerializer.m; sourceTree = "<group>"; };
		AC7ED93B145189C80070DA49 /* CJSONDeserializer_BlocksExtensions.h */ = {isa = PBXFileReference; fileEncoding = 4; lastKnownFileType = sourcecode.c.h; path = CJSONDeserializer_BlocksExtensions.h; sourceTree = "<group>"; };
		AC7ED93C145189C80070DA49 /* CJSONDeserializer_BlocksExtensions.m */ = {isa = PBXFileReference; fileEncoding = 4; lastKnownFileType = sourcecode.c.objc; path = CJSONDeserializer_BlocksExtensions.m; sourceTree = "<group>"; };
		AC7ED93D145189C80070DA49 /* CJSONSerialization.h */ = {isa = PBXFileReference; fileEncoding = 4; lastKnownFileType = sourcecode.c.h; path = CJSONSerialization.h; sourceTree = "<group>"; };
		AC7ED93E145189C80070DA49 /* CJSONSerialization.m */ = {isa = PBXFileReference; fileEncoding = 4; lastKnownFileType = sourcecode.c.objc; path = CJSONSerialization.m; sourceTree = "<group>"; };
		AC7ED93F145189C80070DA49 /* CJSONSerializedData.h */ = {isa = PBXFileReference; fileEncoding = 4; lastKnownFileType = sourcecode.c.h; path = CJSONSerializedData.h; sourceTree = "<group>"; };
		AC7ED940145189C80070DA49 /* CJSONSerializedData.m */ = {isa = PBXFileReference; fileEncoding = 4; lastKnownFileType = sourcecode.c.objc; path = CJSONSerializedData.m; sourceTree = "<group>"; };
		AC7ED942145189C80070DA49 /* CDataScanner_Extensions.h */ = {isa = PBXFileReference; fileEncoding = 4; lastKnownFileType = sourcecode.c.h; path = CDataScanner_Extensions.h; sourceTree = "<group>"; };
		AC7ED943145189C80070DA49 /* CDataScanner_Extensions.m */ = {isa = PBXFileReference; fileEncoding = 4; lastKnownFileType = sourcecode.c.objc; path = CDataScanner_Extensions.m; sourceTree = "<group>"; };
		AC7ED944145189C80070DA49 /* NSDictionary_JSONExtensions.h */ = {isa = PBXFileReference; fileEncoding = 4; lastKnownFileType = sourcecode.c.h; path = NSDictionary_JSONExtensions.h; sourceTree = "<group>"; };
		AC7ED945145189C80070DA49 /* NSDictionary_JSONExtensions.m */ = {isa = PBXFileReference; fileEncoding = 4; lastKnownFileType = sourcecode.c.objc; path = NSDictionary_JSONExtensions.m; sourceTree = "<group>"; };
		AC7ED947145189C80070DA49 /* CJSONDeserializer.h */ = {isa = PBXFileReference; fileEncoding = 4; lastKnownFileType = sourcecode.c.h; path = CJSONDeserializer.h; sourceTree = "<group>"; };
		AC7ED948145189C80070DA49 /* CJSONDeserializer.m */ = {isa = PBXFileReference; fileEncoding = 4; lastKnownFileType = sourcecode.c.objc; path = CJSONDeserializer.m; sourceTree = "<group>"; };
		AC7ED949145189C80070DA49 /* CJSONScanner.h */ = {isa = PBXFileReference; fileEncoding = 4; lastKnownFileType = sourcecode.c.h; path = CJSONScanner.h; sourceTree = "<group>"; };
		AC7ED94A145189C80070DA49 /* CJSONScanner.m */ = {isa = PBXFileReference; fileEncoding = 4; lastKnownFileType = sourcecode.c.objc; path = CJSONScanner.m; sourceTree = "<group>"; };
		AC7ED94B145189C80070DA49 /* CJSONSerializer.h */ = {isa = PBXFileReference; fileEncoding = 4; lastKnownFileType = sourcecode.c.h; path = CJSONSerializer.h; sourceTree = "<group>"; };
		AC7ED94C145189C80070DA49 /* CJSONSerializer.m */ = {isa = PBXFileReference; fileEncoding = 4; lastKnownFileType = sourcecode.c.objc; path = CJSONSerializer.m; sourceTree = "<group>"; };
		AC7ED94D145189C80070DA49 /* JSONRepresentation.h */ = {isa = PBXFileReference; fileEncoding = 4; lastKnownFileType = sourcecode.c.h; path = JSONRepresentation.h; sourceTree = "<group>"; };
		AC8B8BA114501C0E00102E2D /* GeoDecoder.h */ = {isa = PBXFileReference; fileEncoding = 4; lastKnownFileType = sourcecode.c.h; path = GeoDecoder.h; sourceTree = "<group>"; };
		AC8C34E814541E5B007BEE76 /* star_64.png */ = {isa = PBXFileReference; lastKnownFileType = image.png; name = star_64.png; path = icons/star_64.png; sourceTree = SOURCE_ROOT; };
		AC8C34EB1454359D007BEE76 /* SystemConfiguration.framework */ = {isa = PBXFileReference; lastKnownFileType = wrapper.framework; name = SystemConfiguration.framework; path = System/Library/Frameworks/SystemConfiguration.framework; sourceTree = SDKROOT; };
		AC8C34ED14543642007BEE76 /* Reachability.h */ = {isa = PBXFileReference; fileEncoding = 4; lastKnownFileType = sourcecode.c.h; path = Reachability.h; sourceTree = "<group>"; };
		AC8C34EE14543642007BEE76 /* Reachability.m */ = {isa = PBXFileReference; fileEncoding = 4; lastKnownFileType = sourcecode.c.objc; path = Reachability.m; sourceTree = "<group>"; };
		AC9FB383145EE736006227B6 /* A1sectors-table.plist */ = {isa = PBXFileReference; fileEncoding = 4; lastKnownFileType = text.plist.xml; path = "A1sectors-table.plist"; sourceTree = "<group>"; };
		AC9FB386145EEAC4006227B6 /* SubSectorTableViewController.h */ = {isa = PBXFileReference; fileEncoding = 4; lastKnownFileType = sourcecode.c.h; path = SubSectorTableViewController.h; sourceTree = "<group>"; };
		AC9FB387145EEAC4006227B6 /* SubSectorTableViewController.m */ = {isa = PBXFileReference; fileEncoding = 4; lastKnownFileType = sourcecode.c.objc; path = SubSectorTableViewController.m; sourceTree = "<group>"; };
		ACA915E1145EA10500806FD3 /* sector-table.plist */ = {isa = PBXFileReference; fileEncoding = 4; lastKnownFileType = text.plist.xml; path = "sector-table.plist"; sourceTree = "<group>"; };
		ACB6C5451424F0B200693952 /* Job.h */ = {isa = PBXFileReference; fileEncoding = 4; lastKnownFileType = sourcecode.c.h; path = Job.h; sourceTree = "<group>"; };
		ACB6C5461424F0B200693952 /* Job.m */ = {isa = PBXFileReference; fileEncoding = 4; lastKnownFileType = sourcecode.c.objc; path = Job.m; sourceTree = "<group>"; };
		ACB8693B1459BF420055ED47 /* star.png */ = {isa = PBXFileReference; lastKnownFileType = image.png; name = star.png; path = icons/star.png; sourceTree = SOURCE_ROOT; };
		ACB8693C1459BF420055ED47 /* star@2x.png */ = {isa = PBXFileReference; lastKnownFileType = image.png; name = "star@2x.png"; path = "icons/star@2x.png"; sourceTree = SOURCE_ROOT; };
		ACB8693F1459C68F0055ED47 /* myPosition@2x.png */ = {isa = PBXFileReference; lastKnownFileType = image.png; name = "myPosition@2x.png"; path = "icons/myPosition@2x.png"; sourceTree = SOURCE_ROOT; };
		ACB869451459CCBC0055ED47 /* mail.png */ = {isa = PBXFileReference; lastKnownFileType = image.png; name = mail.png; path = icons/mail.png; sourceTree = SOURCE_ROOT; };
		ACB869461459CCBD0055ED47 /* mail@2x.png */ = {isa = PBXFileReference; lastKnownFileType = image.png; name = "mail@2x.png"; path = "icons/mail@2x.png"; sourceTree = SOURCE_ROOT; };
		ACC54A7D145DFF0F002F41D3 /* FilterViewController.h */ = {isa = PBXFileReference; fileEncoding = 4; lastKnownFileType = sourcecode.c.h; path = FilterViewController.h; sourceTree = "<group>"; };
		ACC54A7E145DFF0F002F41D3 /* FilterViewController.m */ = {isa = PBXFileReference; fileEncoding = 4; lastKnownFileType = sourcecode.c.objc; path = FilterViewController.m; sourceTree = "<group>"; };
		ACC54A7F145DFF0F002F41D3 /* FilterViewController.xib */ = {isa = PBXFileReference; fileEncoding = 4; lastKnownFileType = file.xib; path = FilterViewController.xib; sourceTree = "<group>"; };
		ACC54DBA1456E73300A51364 /* DatabaseAccess.h */ = {isa = PBXFileReference; fileEncoding = 4; lastKnownFileType = sourcecode.c.h; path = DatabaseAccess.h; sourceTree = "<group>"; };
		ACC54DBB1456E73300A51364 /* DatabaseAccess.m */ = {isa = PBXFileReference; fileEncoding = 4; lastKnownFileType = sourcecode.c.objc; path = DatabaseAccess.m; sourceTree = "<group>"; };
		ACC54E0F1456FB3100A51364 /* CFNetwork.framework */ = {isa = PBXFileReference; lastKnownFileType = wrapper.framework; name = CFNetwork.framework; path = System/Library/Frameworks/CFNetwork.framework; sourceTree = SDKROOT; };
		ACC54E111456FB4600A51364 /* MobileCoreServices.framework */ = {isa = PBXFileReference; lastKnownFileType = wrapper.framework; name = MobileCoreServices.framework; path = System/Library/Frameworks/MobileCoreServices.framework; sourceTree = SDKROOT; };
		ACC54E151457176F00A51364 /* favourite.png */ = {isa = PBXFileReference; lastKnownFileType = image.png; name = favourite.png; path = icons/favourite.png; sourceTree = SOURCE_ROOT; };
		ACCA8FE71438B10D00141CDE /* MessageUI.framework */ = {isa = PBXFileReference; lastKnownFileType = wrapper.framework; name = MessageUI.framework; path = System/Library/Frameworks/MessageUI.framework; sourceTree = SDKROOT; };
		ACCAB8041435A115008DA6B8 /* ConfigViewController.xib */ = {isa = PBXFileReference; fileEncoding = 4; lastKnownFileType = file.xib; path = ConfigViewController.xib; sourceTree = "<group>"; };
		ACCAC502145D7E47008B0B9F /* home.png */ = {isa = PBXFileReference; lastKnownFileType = image.png; name = home.png; path = icons/home.png; sourceTree = SOURCE_ROOT; };
		ACCAC503145D7E47008B0B9F /* home@2x.png */ = {isa = PBXFileReference; lastKnownFileType = image.png; name = "home@2x.png"; path = "icons/home@2x.png"; sourceTree = SOURCE_ROOT; };
		ACCAC506145D80B3008B0B9F /* search.png */ = {isa = PBXFileReference; lastKnownFileType = image.png; name = search.png; path = icons/search.png; sourceTree = SOURCE_ROOT; };
		ACCAC507145D80B3008B0B9F /* search@2x.png */ = {isa = PBXFileReference; lastKnownFileType = image.png; name = "search@2x.png"; path = "icons/search@2x.png"; sourceTree = SOURCE_ROOT; };
		ACCBD835144D7FA400EEAC2A /* BaseCell.h */ = {isa = PBXFileReference; fileEncoding = 4; lastKnownFileType = sourcecode.c.h; path = BaseCell.h; sourceTree = "<group>"; };
		ACCBD836144D7FA500EEAC2A /* BaseCell.m */ = {isa = PBXFileReference; fileEncoding = 4; lastKnownFileType = sourcecode.c.objc; path = BaseCell.m; sourceTree = "<group>"; };
		ACCBD839144DC6A700EEAC2A /* phpProva */ = {isa = PBXFileReference; fileEncoding = 4; lastKnownFileType = text; path = phpProva; sourceTree = "<group>"; };
		ACD5818914586AA700CCB281 /* QuartzCore.framework */ = {isa = PBXFileReference; lastKnownFileType = wrapper.framework; name = QuartzCore.framework; path = System/Library/Frameworks/QuartzCore.framework; sourceTree = SDKROOT; };
		ACD5818B145899B300CCB281 /* back.png */ = {isa = PBXFileReference; lastKnownFileType = image.png; name = back.png; path = icons/back.png; sourceTree = SOURCE_ROOT; };
		ACD73AAF143AF4810025DF6C /* ActionCell.h */ = {isa = PBXFileReference; fileEncoding = 4; lastKnownFileType = sourcecode.c.h; path = ActionCell.h; sourceTree = "<group>"; };
		ACD73AB0143AF4810025DF6C /* ActionCell.m */ = {isa = PBXFileReference; fileEncoding = 4; lastKnownFileType = sourcecode.c.objc; path = ActionCell.m; sourceTree = "<group>"; };
		ACD73AB1143AF4810025DF6C /* InfoCell.h */ = {isa = PBXFileReference; fileEncoding = 4; lastKnownFileType = sourcecode.c.h; path = InfoCell.h; sourceTree = "<group>"; };
		ACD73AB2143AF4810025DF6C /* InfoCell.m */ = {isa = PBXFileReference; fileEncoding = 4; lastKnownFileType = sourcecode.c.objc; path = InfoCell.m; sourceTree = "<group>"; };
		ACD73AB3143AF4810025DF6C /* TextAreaCell.h */ = {isa = PBXFileReference; fileEncoding = 4; lastKnownFileType = sourcecode.c.h; path = TextAreaCell.h; sourceTree = "<group>"; };
		ACD73AB4143AF4810025DF6C /* TextAreaCell.m */ = {isa = PBXFileReference; fileEncoding = 4; lastKnownFileType = sourcecode.c.objc; path = TextAreaCell.m; sourceTree = "<group>"; };
		ACD73AB5143AF4810025DF6C /* TextFieldCell.h */ = {isa = PBXFileReference; fileEncoding = 4; lastKnownFileType = sourcecode.c.h; path = TextFieldCell.h; sourceTree = "<group>"; };
		ACD73AB6143AF4810025DF6C /* TextFieldCell.m */ = {isa = PBXFileReference; fileEncoding = 4; lastKnownFileType = sourcecode.c.objc; path = TextFieldCell.m; sourceTree = "<group>"; };
		ACD73ABE143AFA700025DF6C /* CoreLocation.framework */ = {isa = PBXFileReference; lastKnownFileType = wrapper.framework; name = CoreLocation.framework; path = System/Library/Frameworks/CoreLocation.framework; sourceTree = SDKROOT; };
		ACE44CE7145593ED0041A5FC /* FavouriteAnnotation.h */ = {isa = PBXFileReference; fileEncoding = 4; lastKnownFileType = sourcecode.c.h; path = FavouriteAnnotation.h; sourceTree = "<group>"; };
		ACE44CE8145593ED0041A5FC /* FavouriteAnnotation.m */ = {isa = PBXFileReference; fileEncoding = 4; lastKnownFileType = sourcecode.c.objc; path = FavouriteAnnotation.m; sourceTree = "<group>"; };
		ACE44CEB14559C260041A5FC /* favouritePin.png */ = {isa = PBXFileReference; lastKnownFileType = image.png; name = favouritePin.png; path = icons/favouritePin.png; sourceTree = SOURCE_ROOT; };
		ACFAB5101435E88700AB1490 /* PublishViewController.h */ = {isa = PBXFileReference; fileEncoding = 4; lastKnownFileType = sourcecode.c.h; path = PublishViewController.h; sourceTree = "<group>"; };
		ACFAB5111435E88700AB1490 /* PublishViewController.m */ = {isa = PBXFileReference; fileEncoding = 4; lastKnownFileType = sourcecode.c.objc; path = PublishViewController.m; sourceTree = "<group>"; };
/* End PBXFileReference section */

/* Begin PBXFrameworksBuildPhase section */
		AC4A048A1422369200FE96F7 /* Frameworks */ = {
			isa = PBXFrameworksBuildPhase;
			buildActionMask = 2147483647;
			files = (
				ACC54E121456FB4600A51364 /* MobileCoreServices.framework in Frameworks */,
				AC8C34EC1454359D007BEE76 /* SystemConfiguration.framework in Frameworks */,
				ACD73ABF143AFA700025DF6C /* CoreLocation.framework in Frameworks */,
				ACCA8FE81438B10D00141CDE /* MessageUI.framework in Frameworks */,
				AC4A04C6142236CA00FE96F7 /* MapKit.framework in Frameworks */,
				AC4A04921422369200FE96F7 /* UIKit.framework in Frameworks */,
				AC4A04941422369200FE96F7 /* Foundation.framework in Frameworks */,
				AC4A04961422369200FE96F7 /* CoreGraphics.framework in Frameworks */,
			);
			runOnlyForDeploymentPostprocessing = 0;
		};
		AC4A04A71422369200FE96F7 /* Frameworks */ = {
			isa = PBXFrameworksBuildPhase;
			buildActionMask = 2147483647;
			files = (
				AC4A04AD1422369200FE96F7 /* SenTestingKit.framework in Frameworks */,
				AC4A04AE1422369200FE96F7 /* UIKit.framework in Frameworks */,
				AC4A04AF1422369200FE96F7 /* Foundation.framework in Frameworks */,
				AC4A04B01422369200FE96F7 /* CoreGraphics.framework in Frameworks */,
			);
			runOnlyForDeploymentPostprocessing = 0;
		};
/* End PBXFrameworksBuildPhase section */

/* Begin PBXGroup section */
		AC154CCE143A30E400AE5FAD /* TableModel */ = {
			isa = PBXGroup;
			children = (
				AC154CD0143A310000AE5FAD /* RootJobViewController.h */,
				AC154CD1143A310000AE5FAD /* RootJobViewController.m */,
				AC154CD3143A315600AE5FAD /* RootJobViewController.xib */,
				AC154CD5143A33B300AE5FAD /* EditJobViewController.h */,
				AC154CD6143A33B300AE5FAD /* EditJobViewController.m */,
				AC154CD8143A343600AE5FAD /* InfoJobViewController.h */,
				AC154CD9143A343600AE5FAD /* InfoJobViewController.m */,
				AC0363E71445CD2400060465 /* SectorTableViewController.h */,
				AC0363E81445CD2400060465 /* SectorTableViewController.m */,
				AC9FB386145EEAC4006227B6 /* SubSectorTableViewController.h */,
				AC9FB387145EEAC4006227B6 /* SubSectorTableViewController.m */,
				AC154CDB143A377200AE5FAD /* CellsType */,
			);
			name = TableModel;
			sourceTree = "<group>";
		};
		AC154CDB143A377200AE5FAD /* CellsType */ = {
			isa = PBXGroup;
			children = (
				ACCBD835144D7FA400EEAC2A /* BaseCell.h */,
				ACCBD836144D7FA500EEAC2A /* BaseCell.m */,
				ACD73AAF143AF4810025DF6C /* ActionCell.h */,
				ACD73AB0143AF4810025DF6C /* ActionCell.m */,
				ACD73AB1143AF4810025DF6C /* InfoCell.h */,
				ACD73AB2143AF4810025DF6C /* InfoCell.m */,
				ACD73AB3143AF4810025DF6C /* TextAreaCell.h */,
				ACD73AB4143AF4810025DF6C /* TextAreaCell.m */,
				ACD73AB5143AF4810025DF6C /* TextFieldCell.h */,
				ACD73AB6143AF4810025DF6C /* TextFieldCell.m */,
			);
			name = CellsType;
			sourceTree = "<group>";
		};
		AC4A04821422369200FE96F7 = {
			isa = PBXGroup;
			children = (
				AC4A04971422369200FE96F7 /* jobFinder */,
				AC4A04B31422369200FE96F7 /* jobFinderTests */,
				AC7ED935145189C80070DA49 /* TouchJSON */,
				AC4A04901422369200FE96F7 /* Frameworks */,
				AC4A048E1422369200FE96F7 /* Products */,
			);
			sourceTree = "<group>";
		};
		AC4A048E1422369200FE96F7 /* Products */ = {
			isa = PBXGroup;
			children = (
				AC4A048D1422369200FE96F7 /* jobFinder.app */,
				AC4A04AB1422369200FE96F7 /* jobFinderTests.octest */,
			);
			name = Products;
			sourceTree = "<group>";
		};
		AC4A04901422369200FE96F7 /* Frameworks */ = {
			isa = PBXGroup;
			children = (
				ACD5818914586AA700CCB281 /* QuartzCore.framework */,
				ACC54E111456FB4600A51364 /* MobileCoreServices.framework */,
				ACC54E0F1456FB3100A51364 /* CFNetwork.framework */,
				AC8C34EB1454359D007BEE76 /* SystemConfiguration.framework */,
				ACD73ABE143AFA700025DF6C /* CoreLocation.framework */,
				ACCA8FE71438B10D00141CDE /* MessageUI.framework */,
				AC4A04C5142236CA00FE96F7 /* MapKit.framework */,
				AC4A04911422369200FE96F7 /* UIKit.framework */,
				AC4A04931422369200FE96F7 /* Foundation.framework */,
				AC4A04951422369200FE96F7 /* CoreGraphics.framework */,
				AC4A04AC1422369200FE96F7 /* SenTestingKit.framework */,
			);
			name = Frameworks;
			sourceTree = "<group>";
		};
		AC4A04971422369200FE96F7 /* jobFinder */ = {
			isa = PBXGroup;
			children = (
				AC4A04A01422369200FE96F7 /* jobFinderAppDelegate.h */,
				AC4A04A11422369200FE96F7 /* jobFinderAppDelegate.m */,
				AC4A04A31422369200FE96F7 /* MainWindow.xib */,
				AC4A04C7142239E300FE96F7 /* MapViewController.h */,
				AC4A04C8142239E300FE96F7 /* MapViewController.m */,
				AC4A04C9142239E300FE96F7 /* MapViewController.xib */,
				ACC54A7D145DFF0F002F41D3 /* FilterViewController.h */,
				ACC54A7E145DFF0F002F41D3 /* FilterViewController.m */,
				ACC54A7F145DFF0F002F41D3 /* FilterViewController.xib */,
				ACFAB5101435E88700AB1490 /* PublishViewController.h */,
				ACFAB5111435E88700AB1490 /* PublishViewController.m */,
				AC736EFB1434D176003626F7 /* ConfigViewController.h */,
				AC736EFC1434D176003626F7 /* ConfigViewController.m */,
				ACCAB8041435A115008DA6B8 /* ConfigViewController.xib */,
				AC7135DA144F45CC0022A47C /* SearchZoneViewController.h */,
				AC7135DB144F45CC0022A47C /* SearchZoneViewController.m */,
				AC7135DC144F45CD0022A47C /* SearchZoneViewController.xib */,
				AC8B8BA114501C0E00102E2D /* GeoDecoder.h */,
				AC7ED92F145188B50070DA49 /* GeoDecoder.m */,
				ACC54DBA1456E73300A51364 /* DatabaseAccess.h */,
				ACC54DBB1456E73300A51364 /* DatabaseAccess.m */,
				ACB6C5451424F0B200693952 /* Job.h */,
				ACB6C5461424F0B200693952 /* Job.m */,
				ACE44CE7145593ED0041A5FC /* FavouriteAnnotation.h */,
				ACE44CE8145593ED0041A5FC /* FavouriteAnnotation.m */,
				AC8C34ED14543642007BEE76 /* Reachability.h */,
				AC8C34EE14543642007BEE76 /* Reachability.m */,
				AC154CCE143A30E400AE5FAD /* TableModel */,
				ACCBD83B144DC6B400EEAC2A /* Networking */,
				AC4A04981422369200FE96F7 /* Supporting Files */,
			);
			path = jobFinder;
			sourceTree = "<group>";
		};
		AC4A04981422369200FE96F7 /* Supporting Files */ = {
			isa = PBXGroup;
			children = (
				ACD58178145862DB00CCB281 /* Icons */,
				ACA915D9145E994E00806FD3 /* table plists */,
				AC4A04991422369200FE96F7 /* jobFinder-Info.plist */,
				AC4A049A1422369200FE96F7 /* InfoPlist.strings */,
				AC4A049D1422369200FE96F7 /* main.m */,
				AC4A049F1422369200FE96F7 /* jobFinder-Prefix.pch */,
			);
			name = "Supporting Files";
			sourceTree = "<group>";
		};
		AC4A04B31422369200FE96F7 /* jobFinderTests */ = {
			isa = PBXGroup;
			children = (
				AC4A04B91422369200FE96F7 /* jobFinderTests.h */,
				AC4A04BB1422369200FE96F7 /* jobFinderTests.m */,
				AC4A04B41422369200FE96F7 /* Supporting Files */,
			);
			path = jobFinderTests;
			sourceTree = "<group>";
		};
		AC4A04B41422369200FE96F7 /* Supporting Files */ = {
			isa = PBXGroup;
			children = (
				AC4A04B51422369200FE96F7 /* jobFinderTests-Info.plist */,
				AC4A04B61422369200FE96F7 /* InfoPlist.strings */,
			);
			name = "Supporting Files";
			sourceTree = "<group>";
		};
		AC7ED935145189C80070DA49 /* TouchJSON */ = {
			isa = PBXGroup;
			children = (
				AC7ED936145189C80070DA49 /* CDataScanner.h */,
				AC7ED937145189C80070DA49 /* CDataScanner.m */,
				AC7ED938145189C80070DA49 /* Experimental */,
				AC7ED941145189C80070DA49 /* Extensions */,
				AC7ED946145189C80070DA49 /* JSON */,
			);
			name = TouchJSON;
			path = "../Downloads/TouchCode-TouchJSON-f7f455a/Source";
			sourceTree = "<group>";
		};
		AC7ED938145189C80070DA49 /* Experimental */ = {
			isa = PBXGroup;
			children = (
				AC7ED939145189C80070DA49 /* CFilteringJSONSerializer.h */,
				AC7ED93A145189C80070DA49 /* CFilteringJSONSerializer.m */,
				AC7ED93B145189C80070DA49 /* CJSONDeserializer_BlocksExtensions.h */,
				AC7ED93C145189C80070DA49 /* CJSONDeserializer_BlocksExtensions.m */,
				AC7ED93D145189C80070DA49 /* CJSONSerialization.h */,
				AC7ED93E145189C80070DA49 /* CJSONSerialization.m */,
				AC7ED93F145189C80070DA49 /* CJSONSerializedData.h */,
				AC7ED940145189C80070DA49 /* CJSONSerializedData.m */,
			);
			path = Experimental;
			sourceTree = "<group>";
		};
		AC7ED941145189C80070DA49 /* Extensions */ = {
			isa = PBXGroup;
			children = (
				AC7ED942145189C80070DA49 /* CDataScanner_Extensions.h */,
				AC7ED943145189C80070DA49 /* CDataScanner_Extensions.m */,
				AC7ED944145189C80070DA49 /* NSDictionary_JSONExtensions.h */,
				AC7ED945145189C80070DA49 /* NSDictionary_JSONExtensions.m */,
			);
			path = Extensions;
			sourceTree = "<group>";
		};
		AC7ED946145189C80070DA49 /* JSON */ = {
			isa = PBXGroup;
			children = (
				AC7ED947145189C80070DA49 /* CJSONDeserializer.h */,
				AC7ED948145189C80070DA49 /* CJSONDeserializer.m */,
				AC7ED949145189C80070DA49 /* CJSONScanner.h */,
				AC7ED94A145189C80070DA49 /* CJSONScanner.m */,
				AC7ED94B145189C80070DA49 /* CJSONSerializer.h */,
				AC7ED94C145189C80070DA49 /* CJSONSerializer.m */,
				AC7ED94D145189C80070DA49 /* JSONRepresentation.h */,
			);
			path = JSON;
			sourceTree = "<group>";
		};
		ACA915D9145E994E00806FD3 /* table plists */ = {
			isa = PBXGroup;
			children = (
				ACA915E1145EA10500806FD3 /* sector-table.plist */,
				AC9FB383145EE736006227B6 /* A1sectors-table.plist */,
			);
			name = "table plists";
			sourceTree = "<group>";
		};
		ACCBD83B144DC6B400EEAC2A /* Networking */ = {
			isa = PBXGroup;
			children = (
				ACCBD839144DC6A700EEAC2A /* phpProva */,
			);
			name = Networking;
			sourceTree = "<group>";
		};
		ACD58178145862DB00CCB281 /* Icons */ = {
			isa = PBXGroup;
			children = (
				ACB869451459CCBC0055ED47 /* mail.png */,
				ACCAC506145D80B3008B0B9F /* search.png */,
				ACCAC507145D80B3008B0B9F /* search@2x.png */,
				ACCAC502145D7E47008B0B9F /* home.png */,
				ACCAC503145D7E47008B0B9F /* home@2x.png */,
				ACB869461459CCBD0055ED47 /* mail@2x.png */,
				AC22FFEC145763BC00DEECB7 /* myPosition.png */,
				ACB8693F1459C68F0055ED47 /* myPosition@2x.png */,
				ACB8693B1459BF420055ED47 /* star.png */,
				ACB8693C1459BF420055ED47 /* star@2x.png */,
				ACD5818B145899B300CCB281 /* back.png */,
				AC22FFE71457602100DEECB7 /* star_button.png */,
				AC8C34E814541E5B007BEE76 /* star_64.png */,
				ACC54E151457176F00A51364 /* favourite.png */,
				ACE44CEB14559C260041A5FC /* favouritePin.png */,
			);
			name = Icons;
			sourceTree = "<group>";
		};
/* End PBXGroup section */

/* Begin PBXNativeTarget section */
		AC4A048C1422369200FE96F7 /* jobFinder */ = {
			isa = PBXNativeTarget;
			buildConfigurationList = AC4A04BF1422369200FE96F7 /* Build configuration list for PBXNativeTarget "jobFinder" */;
			buildPhases = (
				AC4A04891422369200FE96F7 /* Sources */,
				AC4A048A1422369200FE96F7 /* Frameworks */,
				AC4A048B1422369200FE96F7 /* Resources */,
			);
			buildRules = (
			);
			dependencies = (
			);
			name = jobFinder;
			productName = jobFinder;
			productReference = AC4A048D1422369200FE96F7 /* jobFinder.app */;
			productType = "com.apple.product-type.application";
		};
		AC4A04AA1422369200FE96F7 /* jobFinderTests */ = {
			isa = PBXNativeTarget;
			buildConfigurationList = AC4A04C21422369200FE96F7 /* Build configuration list for PBXNativeTarget "jobFinderTests" */;
			buildPhases = (
				AC4A04A61422369200FE96F7 /* Sources */,
				AC4A04A71422369200FE96F7 /* Frameworks */,
				AC4A04A81422369200FE96F7 /* Resources */,
				AC4A04A91422369200FE96F7 /* ShellScript */,
			);
			buildRules = (
			);
			dependencies = (
				AC4A04B21422369200FE96F7 /* PBXTargetDependency */,
			);
			name = jobFinderTests;
			productName = jobFinderTests;
			productReference = AC4A04AB1422369200FE96F7 /* jobFinderTests.octest */;
			productType = "com.apple.product-type.bundle";
		};
/* End PBXNativeTarget section */

/* Begin PBXProject section */
		AC4A04841422369200FE96F7 /* Project object */ = {
			isa = PBXProject;
			buildConfigurationList = AC4A04871422369200FE96F7 /* Build configuration list for PBXProject "jobFinder" */;
			compatibilityVersion = "Xcode 3.2";
			developmentRegion = English;
			hasScannedForEncodings = 0;
			knownRegions = (
				en,
			);
			mainGroup = AC4A04821422369200FE96F7;
			productRefGroup = AC4A048E1422369200FE96F7 /* Products */;
			projectDirPath = "";
			projectRoot = "";
			targets = (
				AC4A048C1422369200FE96F7 /* jobFinder */,
				AC4A04AA1422369200FE96F7 /* jobFinderTests */,
			);
		};
/* End PBXProject section */

/* Begin PBXResourcesBuildPhase section */
		AC4A048B1422369200FE96F7 /* Resources */ = {
			isa = PBXResourcesBuildPhase;
			buildActionMask = 2147483647;
			files = (
				AC4A049C1422369200FE96F7 /* InfoPlist.strings in Resources */,
				AC4A04A51422369200FE96F7 /* MainWindow.xib in Resources */,
				AC4A04CB142239E300FE96F7 /* MapViewController.xib in Resources */,
				ACCAB8051435A115008DA6B8 /* ConfigViewController.xib in Resources */,
				AC154CD4143A315600AE5FAD /* RootJobViewController.xib in Resources */,
				ACCBD83A144DC6A700EEAC2A /* phpProva in Resources */,
				AC7135DE144F45CD0022A47C /* SearchZoneViewController.xib in Resources */,
				AC8C34E914541E5B007BEE76 /* star_64.png in Resources */,
				ACE44CEC14559C260041A5FC /* favouritePin.png in Resources */,
				ACC54E161457176F00A51364 /* favourite.png in Resources */,
				AC22FFE81457602100DEECB7 /* star_button.png in Resources */,
				AC22FFED145763BC00DEECB7 /* myPosition.png in Resources */,
				ACD5818C145899B400CCB281 /* back.png in Resources */,
				ACB8693D1459BF430055ED47 /* star.png in Resources */,
				ACB8693E1459BF430055ED47 /* star@2x.png in Resources */,
				ACB869401459C68F0055ED47 /* myPosition@2x.png in Resources */,
				ACB869471459CCBD0055ED47 /* mail.png in Resources */,
				ACB869481459CCBD0055ED47 /* mail@2x.png in Resources */,
				ACCAC504145D7E48008B0B9F /* home.png in Resources */,
				ACCAC505145D7E48008B0B9F /* home@2x.png in Resources */,
				ACCAC508145D80B3008B0B9F /* search.png in Resources */,
				ACCAC509145D80B3008B0B9F /* search@2x.png in Resources */,
				ACC54A81145DFF0F002F41D3 /* FilterViewController.xib in Resources */,
				ACA915E2145EA10500806FD3 /* sector-table.plist in Resources */,
				AC9FB384145EE736006227B6 /* A1sectors-table.plist in Resources */,
			);
			runOnlyForDeploymentPostprocessing = 0;
		};
		AC4A04A81422369200FE96F7 /* Resources */ = {
			isa = PBXResourcesBuildPhase;
			buildActionMask = 2147483647;
			files = (
				AC4A04B81422369200FE96F7 /* InfoPlist.strings in Resources */,
				AC4A04BA1422369200FE96F7 /* jobFinderTests.h in Resources */,
			);
			runOnlyForDeploymentPostprocessing = 0;
		};
/* End PBXResourcesBuildPhase section */

/* Begin PBXShellScriptBuildPhase section */
		AC4A04A91422369200FE96F7 /* ShellScript */ = {
			isa = PBXShellScriptBuildPhase;
			buildActionMask = 2147483647;
			files = (
			);
			inputPaths = (
			);
			outputPaths = (
			);
			runOnlyForDeploymentPostprocessing = 0;
			shellPath = /bin/sh;
			shellScript = "# Run the unit tests in this test bundle.\n\"${SYSTEM_DEVELOPER_DIR}/Tools/RunUnitTests\"\n";
		};
/* End PBXShellScriptBuildPhase section */

/* Begin PBXSourcesBuildPhase section */
		AC4A04891422369200FE96F7 /* Sources */ = {
			isa = PBXSourcesBuildPhase;
			buildActionMask = 2147483647;
			files = (
				AC4A049E1422369200FE96F7 /* main.m in Sources */,
				AC4A04A21422369200FE96F7 /* jobFinderAppDelegate.m in Sources */,
				AC4A04CA142239E300FE96F7 /* MapViewController.m in Sources */,
				ACB6C5471424F0B200693952 /* Job.m in Sources */,
				AC736EFD1434D176003626F7 /* ConfigViewController.m in Sources */,
				ACFAB5121435E88700AB1490 /* PublishViewController.m in Sources */,
				AC154CD2143A310000AE5FAD /* RootJobViewController.m in Sources */,
				AC154CD7143A33B300AE5FAD /* EditJobViewController.m in Sources */,
				AC154CDA143A343600AE5FAD /* InfoJobViewController.m in Sources */,
				ACD73AB7143AF4810025DF6C /* ActionCell.m in Sources */,
				ACD73AB8143AF4810025DF6C /* InfoCell.m in Sources */,
				ACD73AB9143AF4810025DF6C /* TextAreaCell.m in Sources */,
				ACD73ABA143AF4810025DF6C /* TextFieldCell.m in Sources */,
				AC0363E91445CD2400060465 /* SectorTableViewController.m in Sources */,
				ACCBD837144D7FA500EEAC2A /* BaseCell.m in Sources */,
				AC7135DD144F45CD0022A47C /* SearchZoneViewController.m in Sources */,
				AC7ED930145188B50070DA49 /* GeoDecoder.m in Sources */,
				AC7ED94E145189C80070DA49 /* CDataScanner.m in Sources */,
				AC7ED94F145189C80070DA49 /* CFilteringJSONSerializer.m in Sources */,
				AC7ED950145189C80070DA49 /* CJSONDeserializer_BlocksExtensions.m in Sources */,
				AC7ED951145189C80070DA49 /* CJSONSerialization.m in Sources */,
				AC7ED952145189C80070DA49 /* CJSONSerializedData.m in Sources */,
				AC7ED953145189C80070DA49 /* CDataScanner_Extensions.m in Sources */,
				AC7ED954145189C80070DA49 /* NSDictionary_JSONExtensions.m in Sources */,
				AC7ED955145189C80070DA49 /* CJSONDeserializer.m in Sources */,
				AC7ED956145189C80070DA49 /* CJSONScanner.m in Sources */,
				AC7ED957145189C80070DA49 /* CJSONSerializer.m in Sources */,
				AC8C34EF14543642007BEE76 /* Reachability.m in Sources */,
				ACE44CE9145593ED0041A5FC /* FavouriteAnnotation.m in Sources */,
				ACC54DBC1456E73300A51364 /* DatabaseAccess.m in Sources */,
				ACC54A80145DFF0F002F41D3 /* FilterViewController.m in Sources */,
				AC9FB388145EEAC4006227B6 /* SubSectorTableViewController.m in Sources */,
			);
			runOnlyForDeploymentPostprocessing = 0;
		};
		AC4A04A61422369200FE96F7 /* Sources */ = {
			isa = PBXSourcesBuildPhase;
			buildActionMask = 2147483647;
			files = (
				AC4A04BC1422369200FE96F7 /* jobFinderTests.m in Sources */,
			);
			runOnlyForDeploymentPostprocessing = 0;
		};
/* End PBXSourcesBuildPhase section */

/* Begin PBXTargetDependency section */
		AC4A04B21422369200FE96F7 /* PBXTargetDependency */ = {
			isa = PBXTargetDependency;
			target = AC4A048C1422369200FE96F7 /* jobFinder */;
			targetProxy = AC4A04B11422369200FE96F7 /* PBXContainerItemProxy */;
		};
/* End PBXTargetDependency section */

/* Begin PBXVariantGroup section */
		AC4A049A1422369200FE96F7 /* InfoPlist.strings */ = {
			isa = PBXVariantGroup;
			children = (
				AC4A049B1422369200FE96F7 /* en */,
			);
			name = InfoPlist.strings;
			sourceTree = "<group>";
		};
		AC4A04A31422369200FE96F7 /* MainWindow.xib */ = {
			isa = PBXVariantGroup;
			children = (
				AC4A04A41422369200FE96F7 /* en */,
			);
			name = MainWindow.xib;
			sourceTree = "<group>";
		};
		AC4A04B61422369200FE96F7 /* InfoPlist.strings */ = {
			isa = PBXVariantGroup;
			children = (
				AC4A04B71422369200FE96F7 /* en */,
			);
			name = InfoPlist.strings;
			sourceTree = "<group>";
		};
/* End PBXVariantGroup section */

/* Begin XCBuildConfiguration section */
		AC4A04BD1422369200FE96F7 /* Debug */ = {
			isa = XCBuildConfiguration;
			buildSettings = {
				ALWAYS_SEARCH_USER_PATHS = NO;
				ARCHS = "$(ARCHS_STANDARD_32_BIT)";
				"CODE_SIGN_IDENTITY[sdk=iphoneos*]" = "iPhone Developer";
				COPY_PHASE_STRIP = NO;
				GCC_C_LANGUAGE_STANDARD = gnu99;
				GCC_DYNAMIC_NO_PIC = NO;
				GCC_OPTIMIZATION_LEVEL = 0;
				GCC_PREPROCESSOR_DEFINITIONS = (
					"DEBUG=1",
					"$(inherited)",
				);
				GCC_SYMBOLS_PRIVATE_EXTERN = NO;
				GCC_VERSION = com.apple.compilers.llvmgcc42;
				GCC_WARN_ABOUT_MISSING_PROTOTYPES = YES;
				GCC_WARN_ABOUT_RETURN_TYPE = YES;
				GCC_WARN_UNUSED_VARIABLE = YES;
				IPHONEOS_DEPLOYMENT_TARGET = 4.0;
				SDKROOT = iphoneos;
			};
			name = Debug;
		};
		AC4A04BE1422369200FE96F7 /* Release */ = {
			isa = XCBuildConfiguration;
			buildSettings = {
				ALWAYS_SEARCH_USER_PATHS = NO;
				ARCHS = "$(ARCHS_STANDARD_32_BIT)";
				"CODE_SIGN_IDENTITY[sdk=iphoneos*]" = "iPhone Developer";
				COPY_PHASE_STRIP = YES;
				GCC_C_LANGUAGE_STANDARD = gnu99;
				GCC_VERSION = com.apple.compilers.llvmgcc42;
				GCC_WARN_ABOUT_MISSING_PROTOTYPES = YES;
				GCC_WARN_ABOUT_RETURN_TYPE = YES;
				GCC_WARN_UNUSED_VARIABLE = YES;
				IPHONEOS_DEPLOYMENT_TARGET = 4.0;
				OTHER_CFLAGS = "-DNS_BLOCK_ASSERTIONS=1";
				SDKROOT = iphoneos;
				VALIDATE_PRODUCT = YES;
			};
			name = Release;
		};
		AC4A04C01422369200FE96F7 /* Debug */ = {
			isa = XCBuildConfiguration;
			buildSettings = {
				GCC_PRECOMPILE_PREFIX_HEADER = YES;
				GCC_PREFIX_HEADER = "jobFinder/jobFinder-Prefix.pch";
				INFOPLIST_FILE = "jobFinder/jobFinder-Info.plist";
				IPHONEOS_DEPLOYMENT_TARGET = 4.0;
				PRODUCT_NAME = "$(TARGET_NAME)";
				WRAPPER_EXTENSION = app;
			};
			name = Debug;
		};
		AC4A04C11422369200FE96F7 /* Release */ = {
			isa = XCBuildConfiguration;
			buildSettings = {
				GCC_PRECOMPILE_PREFIX_HEADER = YES;
				GCC_PREFIX_HEADER = "jobFinder/jobFinder-Prefix.pch";
				INFOPLIST_FILE = "jobFinder/jobFinder-Info.plist";
				IPHONEOS_DEPLOYMENT_TARGET = 4.0;
				PRODUCT_NAME = "$(TARGET_NAME)";
				WRAPPER_EXTENSION = app;
			};
			name = Release;
		};
		AC4A04C31422369200FE96F7 /* Debug */ = {
			isa = XCBuildConfiguration;
			buildSettings = {
				BUNDLE_LOADER = "$(BUILT_PRODUCTS_DIR)/jobFinder.app/jobFinder";
				FRAMEWORK_SEARCH_PATHS = (
					"$(SDKROOT)/Developer/Library/Frameworks",
					"$(DEVELOPER_LIBRARY_DIR)/Frameworks",
				);
				GCC_PRECOMPILE_PREFIX_HEADER = YES;
				GCC_PREFIX_HEADER = "jobFinder/jobFinder-Prefix.pch";
				INFOPLIST_FILE = "jobFinderTests/jobFinderTests-Info.plist";
				PRODUCT_NAME = "$(TARGET_NAME)";
				TEST_HOST = "$(BUNDLE_LOADER)";
				WRAPPER_EXTENSION = octest;
			};
			name = Debug;
		};
		AC4A04C41422369200FE96F7 /* Release */ = {
			isa = XCBuildConfiguration;
			buildSettings = {
				BUNDLE_LOADER = "$(BUILT_PRODUCTS_DIR)/jobFinder.app/jobFinder";
				FRAMEWORK_SEARCH_PATHS = (
					"$(SDKROOT)/Developer/Library/Frameworks",
					"$(DEVELOPER_LIBRARY_DIR)/Frameworks",
				);
				GCC_PRECOMPILE_PREFIX_HEADER = YES;
				GCC_PREFIX_HEADER = "jobFinder/jobFinder-Prefix.pch";
				INFOPLIST_FILE = "jobFinderTests/jobFinderTests-Info.plist";
				PRODUCT_NAME = "$(TARGET_NAME)";
				TEST_HOST = "$(BUNDLE_LOADER)";
				WRAPPER_EXTENSION = octest;
			};
			name = Release;
		};
/* End XCBuildConfiguration section */

/* Begin XCConfigurationList section */
		AC4A04871422369200FE96F7 /* Build configuration list for PBXProject "jobFinder" */ = {
			isa = XCConfigurationList;
			buildConfigurations = (
				AC4A04BD1422369200FE96F7 /* Debug */,
				AC4A04BE1422369200FE96F7 /* Release */,
			);
			defaultConfigurationIsVisible = 0;
			defaultConfigurationName = Release;
		};
		AC4A04BF1422369200FE96F7 /* Build configuration list for PBXNativeTarget "jobFinder" */ = {
			isa = XCConfigurationList;
			buildConfigurations = (
				AC4A04C01422369200FE96F7 /* Debug */,
				AC4A04C11422369200FE96F7 /* Release */,
			);
			defaultConfigurationIsVisible = 0;
			defaultConfigurationName = Release;
		};
		AC4A04C21422369200FE96F7 /* Build configuration list for PBXNativeTarget "jobFinderTests" */ = {
			isa = XCConfigurationList;
			buildConfigurations = (
				AC4A04C31422369200FE96F7 /* Debug */,
				AC4A04C41422369200FE96F7 /* Release */,
			);
			defaultConfigurationIsVisible = 0;
			defaultConfigurationName = Release;
		};
/* End XCConfigurationList section */
	};
	rootObject = AC4A04841422369200FE96F7 /* Project object */;
}
